
Microsoft Visual Studio Solution File, Format Version 12.00
# Visual Studio Version 17
VisualStudioVersion = 17.0.31903.59
MinimumVisualStudioVersion = 10.0.40219.1
Project("{2150E333-8FDC-42A3-9474-1A3956D46DE8}") = "src", "src", "{94DC0236-9AF1-4186-ABE0-514EF31D5721}"
EndProject
Project("{FAE04EC0-301F-11D3-BF4B-00C04F79EFBC}") = "BulkEmailSender.Api", "src\BulkEmailSender.Api\BulkEmailSender.Api.csproj", "{9A510306-25CB-4E59-8E42-428F7BE6B85B}"
EndProject
Project("{2150E333-8FDC-42A3-9474-1A3956D46DE8}") = "tests", "tests", "{D4377E11-ACB7-4963-95E2-249A8A4EDDE6}"
EndProject
Project("{FAE04EC0-301F-11D3-BF4B-00C04F79EFBC}") = "BulkEmailSender.Api.Tests", "tests\BulkEmailSender.Api.Tests\BulkEmailSender.Api.Tests.csproj", "{BC044F93-40D1-4AFB-8874-C82840C8B943}"
EndProject
Global
	GlobalSection(SolutionConfigurationPlatforms) = preSolution
		Debug|Any CPU = Debug|Any CPU
		Release|Any CPU = Release|Any CPU
	EndGlobalSection
	GlobalSection(SolutionProperties) = preSolution
		HideSolutionNode = FALSE
	EndGlobalSection
	GlobalSection(ProjectConfigurationPlatforms) = postSolution
		{9A510306-25CB-4E59-8E42-428F7BE6B85B}.Debug|Any CPU.ActiveCfg = Debug|Any CPU
		{9A510306-25CB-4E59-8E42-428F7BE6B85B}.Debug|Any CPU.Build.0 = Debug|Any CPU
		{9A510306-25CB-4E59-8E42-428F7BE6B85B}.Release|Any CPU.ActiveCfg = Release|Any CPU
		{9A510306-25CB-4E59-8E42-428F7BE6B85B}.Release|Any CPU.Build.0 = Release|Any CPU
		{BC044F93-40D1-4AFB-8874-C82840C8B943}.Debug|Any CPU.ActiveCfg = Debug|Any CPU
		{BC044F93-40D1-4AFB-8874-C82840C8B943}.Debug|Any CPU.Build.0 = Debug|Any CPU
		{BC044F93-40D1-4AFB-8874-C82840C8B943}.Release|Any CPU.ActiveCfg = Release|Any CPU
		{BC044F93-40D1-4AFB-8874-C82840C8B943}.Release|Any CPU.Build.0 = Release|Any CPU
	EndGlobalSection
	GlobalSection(NestedProjects) = preSolution
		{9A510306-25CB-4E59-8E42-428F7BE6B85B} = {94DC0236-9AF1-4186-ABE0-514EF31D5721}
		{BC044F93-40D1-4AFB-8874-C82840C8B943} = {D4377E11-ACB7-4963-95E2-249A8A4EDDE6}
	EndGlobalSection
EndGlobal
